{
  "name": "tempest-utils-node",
  "version": "0.0.0",
  "lockfileVersion": 2,
  "requires": true,
  "packages": {
    "": {
      "name": "tempest-utils-node",
      "version": "0.0.0",
      "license": "ISC",
      "dependencies": {
        "crypto-js": "^4.1.1",
        "lodash": "^4.17.21",
        "tempest-utils": "file:../tempest-utils"
      }
    },
    "../tempest-utils": {
      "version": "0.0.0",
      "license": "ISC",
      "dependencies": {
        "crypto-js": "^4.1.1",
        "lodash": "^4.17.21"
      }
    },
    "node_modules/crypto-js": {
      "version": "4.1.1",
      "resolved": "https://registry.npmjs.org/crypto-js/-/crypto-js-4.1.1.tgz",
      "integrity": "sha512-o2JlM7ydqd3Qk9CA0L4NL6mTzU2sdx96a+oOfPu8Mkl/PK51vSyoi8/rQ8NknZtk44vq15lmhAj9CIAGwgeWKw=="
    },
    "node_modules/lodash": {
      "version": "4.17.21",
      "resolved": "https://registry.npmjs.org/lodash/-/lodash-4.17.21.tgz",
      "integrity": "sha512-v2kDEe57lecTulaDIuNTPy3Ry4gLGJ6Z1O3vE1krgXZNrsQ+LFTGHVxVjcXPs17LhbZVGedAJv8XZ1tvj5FvSg=="
    },
    "node_modules/tempest-utils": {
      "resolved": "../tempest-utils",
      "link": true
    }
  },
  "dependencies": {
    "crypto-js": {
      "version": "4.1.1",
      "resolved": "https://registry.npmjs.org/crypto-js/-/crypto-js-4.1.1.tgz",
      "integrity": "sha512-o2JlM7ydqd3Qk9CA0L4NL6mTzU2sdx96a+oOfPu8Mkl/PK51vSyoi8/rQ8NknZtk44vq15lmhAj9CIAGwgeWKw=="
    },
    "lodash": {
      "version": "4.17.21",
      "resolved": "https://registry.npmjs.org/lodash/-/lodash-4.17.21.tgz",
      "integrity": "sha512-v2kDEe57lecTulaDIuNTPy3Ry4gLGJ6Z1O3vE1krgXZNrsQ+LFTGHVxVjcXPs17LhbZVGedAJv8XZ1tvj5FvSg=="
    },
    "tempest-utils": {
      "version": "file:../tempest-utils",
      "requires": {
        "crypto-js": "^4.1.1",
        "lodash": "^4.17.21"
      }
    }
  }
}
